Microsoft Visual Studio Solution File, Format Version 12.00
# Visual Studio Version 17
VisualStudioVersion = 17.0.31903.59
MinimumVisualStudioVersion = 10.0.40219.1
Project("{FAE04EC0-301F-11D3-BF4B-00C04F79EFBC}") = "TallerGrasp.ENT", "TallerGrasp.ENT\TallerGrasp.ENT.csproj", "{B20E3F3E-4F1F-4E5E-9BDF-82540FD198A9}"
EndProject
Project("{FAE04EC0-301F-11D3-BF4B-00C04F79EFBC}") = "TallerGrasp.INFRA", "TallerGrasp.INFRA\TallerGrasp.INFRA.csproj", "{1B4438DD-EDDA-4C35-9A6C-6B50A0B77AE2}"
EndProject
Project("{FAE04EC0-301F-11D3-BF4B-00C04F79EFBC}") = "TallerGrasp.APP", "TallerGrasp.APP\TallerGrasp.APP.csproj", "{A86D4B88-94EF-4A6B-A7BA-2C3B5607E835}"
EndProject
Project("{FAE04EC0-301F-11D3-BF4B-00C04F79EFBC}") = "TallerGrasp.GUI", "TallerGrasp.GUI\TallerGrasp.GUI.csproj", "{BFF8CF74-5D91-4A03-AD07-0A9E7965ED8A}"
EndProject
Global
	GlobalSection(SolutionConfigurationPlatforms) = preSolution
		Debug|Any CPU = Debug|Any CPU
		Release|Any CPU = Release|Any CPU
	EndGlobalSection
	GlobalSection(ProjectConfigurationPlatforms) = postSolution
		{B20E3F3E-4F1F-4E5E-9BDF-82540FD198A9}.Debug|Any CPU.ActiveCfg = Debug|Any CPU
		{B20E3F3E-4F1F-4E5E-9BDF-82540FD198A9}.Debug|Any CPU.Build.0 = Debug|Any CPU
		{B20E3F3E-4F1F-4E5E-9BDF-82540FD198A9}.Release|Any CPU.ActiveCfg = Release|Any CPU
		{B20E3F3E-4F1F-4E5E-9BDF-82540FD198A9}.Release|Any CPU.Build.0 = Release|Any CPU
		{1B4438DD-EDDA-4C35-9A6C-6B50A0B77AE2}.Debug|Any CPU.ActiveCfg = Debug|Any CPU
		{1B4438DD-EDDA-4C35-9A6C-6B50A0B77AE2}.Debug|Any CPU.Build.0 = Debug|Any CPU
		{1B4438DD-EDDA-4C35-9A6C-6B50A0B77AE2}.Release|Any CPU.ActiveCfg = Release|Any CPU
		{1B4438DD-EDDA-4C35-9A6C-6B50A0B77AE2}.Release|Any CPU.Build.0 = Release|Any CPU
		{A86D4B88-94EF-4A6B-A7BA-2C3B5607E835}.Debug|Any CPU.ActiveCfg = Debug|Any CPU
		{A86D4B88-94EF-4A6B-A7BA-2C3B5607E835}.Debug|Any CPU.Build.0 = Debug|Any CPU
		{A86D4B88-94EF-4A6B-A7BA-2C3B5607E835}.Release|Any CPU.ActiveCfg = Release|Any CPU
		{A86D4B88-94EF-4A6B-A7BA-2C3B5607E835}.Release|Any CPU.Build.0 = Release|Any CPU
		{BFF8CF74-5D91-4A03-AD07-0A9E7965ED8A}.Debug|Any CPU.ActiveCfg = Debug|Any CPU
		{BFF8CF74-5D91-4A03-AD07-0A9E7965ED8A}.Debug|Any CPU.Build.0 = Debug|Any CPU
		{BFF8CF74-5D91-4A03-AD07-0A9E7965ED8A}.Release|Any CPU.ActiveCfg = Release|Any CPU
		{BFF8CF74-5D91-4A03-AD07-0A9E7965ED8A}.Release|Any CPU.Build.0 = Release|Any CPU
	EndGlobalSection
	GlobalSection(SolutionProperties) = preSolution
		HideSolutionNode = FALSE
	EndGlobalSection
EndGlobal
